
Microsoft Visual Studio Solution File, Format Version 12.00
# Visual Studio Version 16
VisualStudioVersion = 16.0.30114.105
MinimumVisualStudioVersion = 10.0.40219.1
Project("{2150E333-8FDC-42A3-9474-1A3956D46DE8}") = "Applications", "Applications", "{F80783D7-A672-477D-B0C9-8F1DCDE920CE}"
EndProject
Project("{FAE04EC0-301F-11D3-BF4B-00C04F79EFBC}") = "ValueAndReferenceTypes", "Applications\ValueAndReferenceTypes\ValueAndReferenceTypes.csproj", "{55C84977-B04F-4829-8B6D-DF91EA6617FF}"
EndProject
Project("{2150E333-8FDC-42A3-9474-1A3956D46DE8}") = "DataStructures", "DataStructures", "{57FCD7E0-52DE-4F0B-8309-159546383418}"
EndProject
Project("{FAE04EC0-301F-11D3-BF4B-00C04F79EFBC}") = "Array", "DataStructures\Array\Array.csproj", "{3FA42187-C0BD-414A-A57B-5F1C23855D57}"
EndProject
Project("{FAE04EC0-301F-11D3-BF4B-00C04F79EFBC}") = "Tests", "Tests\Tests.csproj", "{91413DFE-A6BB-4AD8-90E6-94D34F9BC824}"
EndProject
Project("{2150E333-8FDC-42A3-9474-1A3956D46DE8}") = "UIs", "UIs", "{518ED845-9DDE-49F8-AD2A-2491A84C1964}"
EndProject
Project("{FAE04EC0-301F-11D3-BF4B-00C04F79EFBC}") = "ValueAndRefTypeApp", "UIs\ValueAndRefTypeApp\ValueAndRefTypeApp.csproj", "{6F443B6E-AFFE-435B-B2F4-76596FB70506}"
EndProject
Project("{FAE04EC0-301F-11D3-BF4B-00C04F79EFBC}") = "ArrayApp", "UIs\ArrayApp\ArrayApp.csproj", "{424AC22A-9F51-4084-80E4-1D0A0A21F030}"
EndProject
Global
	GlobalSection(SolutionConfigurationPlatforms) = preSolution
		Debug|Any CPU = Debug|Any CPU
		Release|Any CPU = Release|Any CPU
	EndGlobalSection
	GlobalSection(SolutionProperties) = preSolution
		HideSolutionNode = FALSE
	EndGlobalSection
	GlobalSection(ProjectConfigurationPlatforms) = postSolution
		{55C84977-B04F-4829-8B6D-DF91EA6617FF}.Debug|Any CPU.ActiveCfg = Debug|Any CPU
		{55C84977-B04F-4829-8B6D-DF91EA6617FF}.Debug|Any CPU.Build.0 = Debug|Any CPU
		{55C84977-B04F-4829-8B6D-DF91EA6617FF}.Release|Any CPU.ActiveCfg = Release|Any CPU
		{55C84977-B04F-4829-8B6D-DF91EA6617FF}.Release|Any CPU.Build.0 = Release|Any CPU
		{3FA42187-C0BD-414A-A57B-5F1C23855D57}.Debug|Any CPU.ActiveCfg = Debug|Any CPU
		{3FA42187-C0BD-414A-A57B-5F1C23855D57}.Debug|Any CPU.Build.0 = Debug|Any CPU
		{3FA42187-C0BD-414A-A57B-5F1C23855D57}.Release|Any CPU.ActiveCfg = Release|Any CPU
		{3FA42187-C0BD-414A-A57B-5F1C23855D57}.Release|Any CPU.Build.0 = Release|Any CPU
		{91413DFE-A6BB-4AD8-90E6-94D34F9BC824}.Debug|Any CPU.ActiveCfg = Debug|Any CPU
		{91413DFE-A6BB-4AD8-90E6-94D34F9BC824}.Debug|Any CPU.Build.0 = Debug|Any CPU
		{91413DFE-A6BB-4AD8-90E6-94D34F9BC824}.Release|Any CPU.ActiveCfg = Release|Any CPU
		{91413DFE-A6BB-4AD8-90E6-94D34F9BC824}.Release|Any CPU.Build.0 = Release|Any CPU
		{6F443B6E-AFFE-435B-B2F4-76596FB70506}.Debug|Any CPU.ActiveCfg = Debug|Any CPU
		{6F443B6E-AFFE-435B-B2F4-76596FB70506}.Debug|Any CPU.Build.0 = Debug|Any CPU
		{6F443B6E-AFFE-435B-B2F4-76596FB70506}.Release|Any CPU.ActiveCfg = Release|Any CPU
		{6F443B6E-AFFE-435B-B2F4-76596FB70506}.Release|Any CPU.Build.0 = Release|Any CPU
		{424AC22A-9F51-4084-80E4-1D0A0A21F030}.Debug|Any CPU.ActiveCfg = Debug|Any CPU
		{424AC22A-9F51-4084-80E4-1D0A0A21F030}.Debug|Any CPU.Build.0 = Debug|Any CPU
		{424AC22A-9F51-4084-80E4-1D0A0A21F030}.Release|Any CPU.ActiveCfg = Release|Any CPU
		{424AC22A-9F51-4084-80E4-1D0A0A21F030}.Release|Any CPU.Build.0 = Release|Any CPU
	EndGlobalSection
	GlobalSection(NestedProjects) = preSolution
		{55C84977-B04F-4829-8B6D-DF91EA6617FF} = {F80783D7-A672-477D-B0C9-8F1DCDE920CE}
		{3FA42187-C0BD-414A-A57B-5F1C23855D57} = {57FCD7E0-52DE-4F0B-8309-159546383418}
		{6F443B6E-AFFE-435B-B2F4-76596FB70506} = {518ED845-9DDE-49F8-AD2A-2491A84C1964}
		{424AC22A-9F51-4084-80E4-1D0A0A21F030} = {518ED845-9DDE-49F8-AD2A-2491A84C1964}
	EndGlobalSection
EndGlobal
