
Microsoft Visual Studio Solution File, Format Version 12.00
# Visual Studio Version 16
VisualStudioVersion = 16.0.30114.105
MinimumVisualStudioVersion = 10.0.40219.1
Project("{2150E333-8FDC-42A3-9474-1A3956D46DE8}") = "Applications", "Applications", "{F80783D7-A672-477D-B0C9-8F1DCDE920CE}"
EndProject
Project("{FAE04EC0-301F-11D3-BF4B-00C04F79EFBC}") = "ValueAndReferenceTypes", "Applications\ValueAndReferenceTypes\ValueAndReferenceTypes.csproj", "{55C84977-B04F-4829-8B6D-DF91EA6617FF}"
EndProject
Project("{2150E333-8FDC-42A3-9474-1A3956D46DE8}") = "DataStructures", "DataStructures", "{57FCD7E0-52DE-4F0B-8309-159546383418}"
EndProject
Project("{FAE04EC0-301F-11D3-BF4B-00C04F79EFBC}") = "Array", "DataStructures\Array\Array.csproj", "{3FA42187-C0BD-414A-A57B-5F1C23855D57}"
EndProject
Project("{FAE04EC0-301F-11D3-BF4B-00C04F79EFBC}") = "Tests", "Tests\Tests.csproj", "{91413DFE-A6BB-4AD8-90E6-94D34F9BC824}"
EndProject
Project("{2150E333-8FDC-42A3-9474-1A3956D46DE8}") = "UIs", "UIs", "{518ED845-9DDE-49F8-AD2A-2491A84C1964}"
EndProject
Project("{FAE04EC0-301F-11D3-BF4B-00C04F79EFBC}") = "ValueAndRefTypeApp", "UIs\ValueAndRefTypeApp\ValueAndRefTypeApp.csproj", "{6F443B6E-AFFE-435B-B2F4-76596FB70506}"
EndProject
Project("{FAE04EC0-301F-11D3-BF4B-00C04F79EFBC}") = "ArrayApp", "UIs\ArrayApp\ArrayApp.csproj", "{424AC22A-9F51-4084-80E4-1D0A0A21F030}"
EndProject
Project("{FAE04EC0-301F-11D3-BF4B-00C04F79EFBC}") = "LinkedListApp", "UIs\LinkedListApp\LinkedListApp.csproj", "{C81A2686-9EEF-4997-AF96-9F543189465E}"
EndProject
Project("{FAE04EC0-301F-11D3-BF4B-00C04F79EFBC}") = "LinkedList", "DataStructures\LinkedList\LinkedList.csproj", "{0157DD84-EA1F-4231-82B5-3DCF89198781}"
EndProject
Project("{FAE04EC0-301F-11D3-BF4B-00C04F79EFBC}") = "LinkedListProblem", "UIs\LinkedListProblem\LinkedListProblem.csproj", "{3A9F5E06-2A4D-4C17-A2EB-C23A1757FFA2}"
EndProject
Project("{FAE04EC0-301F-11D3-BF4B-00C04F79EFBC}") = "Stack", "DataStructures\Stack\Stack.csproj", "{47B87BEF-CD7A-4DE5-B492-543F7F7E547E}"
EndProject
Project("{FAE04EC0-301F-11D3-BF4B-00C04F79EFBC}") = "StackApp", "UIs\StackApp\StackApp.csproj", "{E1BD20C2-8C02-4E94-ACE9-94E99D5ACAC7}"
EndProject
Project("{FAE04EC0-301F-11D3-BF4B-00C04F79EFBC}") = "Queue", "DataStructures\Queue\Queue.csproj", "{EAB31EB2-F0E7-426F-956A-74069F659F67}"
EndProject
Project("{FAE04EC0-301F-11D3-BF4B-00C04F79EFBC}") = "QueueApp", "UIs\QueueApp\QueueApp.csproj", "{3DCC49BD-3E15-4EC5-9B88-923AFB46A6C1}"
EndProject
Project("{2150E333-8FDC-42A3-9474-1A3956D46DE8}") = "Search", "Search", "{B4643073-623B-48F5-ABB9-19E50D204609}"
EndProject
Project("{FAE04EC0-301F-11D3-BF4B-00C04F79EFBC}") = "Search", "Search\Search\Search.csproj", "{D0919689-E820-44C4-9EC9-D2A6CDE38FCD}"
EndProject
Project("{FAE04EC0-301F-11D3-BF4B-00C04F79EFBC}") = "SearchApp", "UIs\SearchApp\SearchApp.csproj", "{8130F909-0BB5-4A63-9A94-8FECFD4C7448}"
EndProject
Project("{2150E333-8FDC-42A3-9474-1A3956D46DE8}") = "SortingAlgorithms", "SortingAlgorithms", "{4B1A4A1B-DB4E-410E-94B2-6A2FE9B196F1}"
EndProject
Project("{FAE04EC0-301F-11D3-BF4B-00C04F79EFBC}") = "SortingAlgorithms", "SortingAlgorithms\SortingAlgorithms\SortingAlgorithms.csproj", "{A19F18DE-1212-45F1-81AA-C5FC73A31BA9}"
EndProject
Project("{FAE04EC0-301F-11D3-BF4B-00C04F79EFBC}") = "SortingAlgorithmsApp", "UIs\SortingAlgorithmsApp\SortingAlgorithmsApp.csproj", "{87936AB0-CDF0-4F7F-AED2-F86AC3FB0B4F}"
EndProject
Project("{2150E333-8FDC-42A3-9474-1A3956D46DE8}") = "Shared", "Shared", "{1D540A23-110D-4E7A-ACD9-B655406D8DD0}"
EndProject
Project("{FAE04EC0-301F-11D3-BF4B-00C04F79EFBC}") = "Utilities", "Shared\Utilities\Utilities.csproj", "{2D610B62-20FE-4F65-BE20-6C6B03D941BD}"
EndProject
Project("{FAE04EC0-301F-11D3-BF4B-00C04F79EFBC}") = "BinaryTreesApp", "UIs\BinaryTreesApp\BinaryTreesApp.csproj", "{94100890-14C4-4E3A-A9E4-079F7FD09F2D}"
EndProject
Project("{FAE04EC0-301F-11D3-BF4B-00C04F79EFBC}") = "Trees", "DataStructures\Trees\Trees.csproj", "{186F18A6-63D1-4A50-BF7D-EA68BF7F02F5}"
EndProject
Project("{FAE04EC0-301F-11D3-BF4B-00C04F79EFBC}") = "PriorityQueue", "DataStructures\PriorityQueue\PriorityQueue.csproj", "{DB5B3DDB-9B86-421C-941F-E89CC6164871}"
EndProject
Project("{2150E333-8FDC-42A3-9474-1A3956D46DE8}") = "Exam", "Exam", "{D1F79EAB-C1A5-420C-BF7F-B9CEB34A5E7E}"
EndProject
Project("{FAE04EC0-301F-11D3-BF4B-00C04F79EFBC}") = "PizzaProblem", "Exam\PizzaProblem\PizzaProblem.csproj", "{21FDA94D-4494-4EFA-BED3-A9DF618E03F3}"
EndProject
Global
	GlobalSection(SolutionConfigurationPlatforms) = preSolution
		Debug|Any CPU = Debug|Any CPU
		Release|Any CPU = Release|Any CPU
	EndGlobalSection
	GlobalSection(SolutionProperties) = preSolution
		HideSolutionNode = FALSE
	EndGlobalSection
	GlobalSection(ProjectConfigurationPlatforms) = postSolution
		{55C84977-B04F-4829-8B6D-DF91EA6617FF}.Debug|Any CPU.ActiveCfg = Debug|Any CPU
		{55C84977-B04F-4829-8B6D-DF91EA6617FF}.Debug|Any CPU.Build.0 = Debug|Any CPU
		{55C84977-B04F-4829-8B6D-DF91EA6617FF}.Release|Any CPU.ActiveCfg = Release|Any CPU
		{55C84977-B04F-4829-8B6D-DF91EA6617FF}.Release|Any CPU.Build.0 = Release|Any CPU
		{3FA42187-C0BD-414A-A57B-5F1C23855D57}.Debug|Any CPU.ActiveCfg = Debug|Any CPU
		{3FA42187-C0BD-414A-A57B-5F1C23855D57}.Debug|Any CPU.Build.0 = Debug|Any CPU
		{3FA42187-C0BD-414A-A57B-5F1C23855D57}.Release|Any CPU.ActiveCfg = Release|Any CPU
		{3FA42187-C0BD-414A-A57B-5F1C23855D57}.Release|Any CPU.Build.0 = Release|Any CPU
		{91413DFE-A6BB-4AD8-90E6-94D34F9BC824}.Debug|Any CPU.ActiveCfg = Debug|Any CPU
		{91413DFE-A6BB-4AD8-90E6-94D34F9BC824}.Debug|Any CPU.Build.0 = Debug|Any CPU
		{91413DFE-A6BB-4AD8-90E6-94D34F9BC824}.Release|Any CPU.ActiveCfg = Release|Any CPU
		{91413DFE-A6BB-4AD8-90E6-94D34F9BC824}.Release|Any CPU.Build.0 = Release|Any CPU
		{6F443B6E-AFFE-435B-B2F4-76596FB70506}.Debug|Any CPU.ActiveCfg = Debug|Any CPU
		{6F443B6E-AFFE-435B-B2F4-76596FB70506}.Debug|Any CPU.Build.0 = Debug|Any CPU
		{6F443B6E-AFFE-435B-B2F4-76596FB70506}.Release|Any CPU.ActiveCfg = Release|Any CPU
		{6F443B6E-AFFE-435B-B2F4-76596FB70506}.Release|Any CPU.Build.0 = Release|Any CPU
		{424AC22A-9F51-4084-80E4-1D0A0A21F030}.Debug|Any CPU.ActiveCfg = Debug|Any CPU
		{424AC22A-9F51-4084-80E4-1D0A0A21F030}.Debug|Any CPU.Build.0 = Debug|Any CPU
		{424AC22A-9F51-4084-80E4-1D0A0A21F030}.Release|Any CPU.ActiveCfg = Release|Any CPU
		{424AC22A-9F51-4084-80E4-1D0A0A21F030}.Release|Any CPU.Build.0 = Release|Any CPU
		{C81A2686-9EEF-4997-AF96-9F543189465E}.Debug|Any CPU.ActiveCfg = Debug|Any CPU
		{C81A2686-9EEF-4997-AF96-9F543189465E}.Debug|Any CPU.Build.0 = Debug|Any CPU
		{C81A2686-9EEF-4997-AF96-9F543189465E}.Release|Any CPU.ActiveCfg = Release|Any CPU
		{C81A2686-9EEF-4997-AF96-9F543189465E}.Release|Any CPU.Build.0 = Release|Any CPU
		{0157DD84-EA1F-4231-82B5-3DCF89198781}.Debug|Any CPU.ActiveCfg = Debug|Any CPU
		{0157DD84-EA1F-4231-82B5-3DCF89198781}.Debug|Any CPU.Build.0 = Debug|Any CPU
		{0157DD84-EA1F-4231-82B5-3DCF89198781}.Release|Any CPU.ActiveCfg = Release|Any CPU
		{0157DD84-EA1F-4231-82B5-3DCF89198781}.Release|Any CPU.Build.0 = Release|Any CPU
		{3A9F5E06-2A4D-4C17-A2EB-C23A1757FFA2}.Debug|Any CPU.ActiveCfg = Debug|Any CPU
		{3A9F5E06-2A4D-4C17-A2EB-C23A1757FFA2}.Debug|Any CPU.Build.0 = Debug|Any CPU
		{3A9F5E06-2A4D-4C17-A2EB-C23A1757FFA2}.Release|Any CPU.ActiveCfg = Release|Any CPU
		{3A9F5E06-2A4D-4C17-A2EB-C23A1757FFA2}.Release|Any CPU.Build.0 = Release|Any CPU
		{47B87BEF-CD7A-4DE5-B492-543F7F7E547E}.Debug|Any CPU.ActiveCfg = Debug|Any CPU
		{47B87BEF-CD7A-4DE5-B492-543F7F7E547E}.Debug|Any CPU.Build.0 = Debug|Any CPU
		{47B87BEF-CD7A-4DE5-B492-543F7F7E547E}.Release|Any CPU.ActiveCfg = Release|Any CPU
		{47B87BEF-CD7A-4DE5-B492-543F7F7E547E}.Release|Any CPU.Build.0 = Release|Any CPU
		{E1BD20C2-8C02-4E94-ACE9-94E99D5ACAC7}.Debug|Any CPU.ActiveCfg = Debug|Any CPU
		{E1BD20C2-8C02-4E94-ACE9-94E99D5ACAC7}.Debug|Any CPU.Build.0 = Debug|Any CPU
		{E1BD20C2-8C02-4E94-ACE9-94E99D5ACAC7}.Release|Any CPU.ActiveCfg = Release|Any CPU
		{E1BD20C2-8C02-4E94-ACE9-94E99D5ACAC7}.Release|Any CPU.Build.0 = Release|Any CPU
		{EAB31EB2-F0E7-426F-956A-74069F659F67}.Debug|Any CPU.ActiveCfg = Debug|Any CPU
		{EAB31EB2-F0E7-426F-956A-74069F659F67}.Debug|Any CPU.Build.0 = Debug|Any CPU
		{EAB31EB2-F0E7-426F-956A-74069F659F67}.Release|Any CPU.ActiveCfg = Release|Any CPU
		{EAB31EB2-F0E7-426F-956A-74069F659F67}.Release|Any CPU.Build.0 = Release|Any CPU
		{3DCC49BD-3E15-4EC5-9B88-923AFB46A6C1}.Debug|Any CPU.ActiveCfg = Debug|Any CPU
		{3DCC49BD-3E15-4EC5-9B88-923AFB46A6C1}.Debug|Any CPU.Build.0 = Debug|Any CPU
		{3DCC49BD-3E15-4EC5-9B88-923AFB46A6C1}.Release|Any CPU.ActiveCfg = Release|Any CPU
		{3DCC49BD-3E15-4EC5-9B88-923AFB46A6C1}.Release|Any CPU.Build.0 = Release|Any CPU
		{D0919689-E820-44C4-9EC9-D2A6CDE38FCD}.Debug|Any CPU.ActiveCfg = Debug|Any CPU
		{D0919689-E820-44C4-9EC9-D2A6CDE38FCD}.Debug|Any CPU.Build.0 = Debug|Any CPU
		{D0919689-E820-44C4-9EC9-D2A6CDE38FCD}.Release|Any CPU.ActiveCfg = Release|Any CPU
		{D0919689-E820-44C4-9EC9-D2A6CDE38FCD}.Release|Any CPU.Build.0 = Release|Any CPU
		{8130F909-0BB5-4A63-9A94-8FECFD4C7448}.Debug|Any CPU.ActiveCfg = Debug|Any CPU
		{8130F909-0BB5-4A63-9A94-8FECFD4C7448}.Debug|Any CPU.Build.0 = Debug|Any CPU
		{8130F909-0BB5-4A63-9A94-8FECFD4C7448}.Release|Any CPU.ActiveCfg = Release|Any CPU
		{8130F909-0BB5-4A63-9A94-8FECFD4C7448}.Release|Any CPU.Build.0 = Release|Any CPU
		{A19F18DE-1212-45F1-81AA-C5FC73A31BA9}.Debug|Any CPU.ActiveCfg = Debug|Any CPU
		{A19F18DE-1212-45F1-81AA-C5FC73A31BA9}.Debug|Any CPU.Build.0 = Debug|Any CPU
		{A19F18DE-1212-45F1-81AA-C5FC73A31BA9}.Release|Any CPU.ActiveCfg = Release|Any CPU
		{A19F18DE-1212-45F1-81AA-C5FC73A31BA9}.Release|Any CPU.Build.0 = Release|Any CPU
		{87936AB0-CDF0-4F7F-AED2-F86AC3FB0B4F}.Debug|Any CPU.ActiveCfg = Debug|Any CPU
		{87936AB0-CDF0-4F7F-AED2-F86AC3FB0B4F}.Debug|Any CPU.Build.0 = Debug|Any CPU
		{87936AB0-CDF0-4F7F-AED2-F86AC3FB0B4F}.Release|Any CPU.ActiveCfg = Release|Any CPU
		{87936AB0-CDF0-4F7F-AED2-F86AC3FB0B4F}.Release|Any CPU.Build.0 = Release|Any CPU
		{2D610B62-20FE-4F65-BE20-6C6B03D941BD}.Debug|Any CPU.ActiveCfg = Debug|Any CPU
		{2D610B62-20FE-4F65-BE20-6C6B03D941BD}.Debug|Any CPU.Build.0 = Debug|Any CPU
		{2D610B62-20FE-4F65-BE20-6C6B03D941BD}.Release|Any CPU.ActiveCfg = Release|Any CPU
		{2D610B62-20FE-4F65-BE20-6C6B03D941BD}.Release|Any CPU.Build.0 = Release|Any CPU
		{94100890-14C4-4E3A-A9E4-079F7FD09F2D}.Debug|Any CPU.ActiveCfg = Debug|Any CPU
		{94100890-14C4-4E3A-A9E4-079F7FD09F2D}.Debug|Any CPU.Build.0 = Debug|Any CPU
		{94100890-14C4-4E3A-A9E4-079F7FD09F2D}.Release|Any CPU.ActiveCfg = Release|Any CPU
		{94100890-14C4-4E3A-A9E4-079F7FD09F2D}.Release|Any CPU.Build.0 = Release|Any CPU
		{186F18A6-63D1-4A50-BF7D-EA68BF7F02F5}.Debug|Any CPU.ActiveCfg = Debug|Any CPU
		{186F18A6-63D1-4A50-BF7D-EA68BF7F02F5}.Debug|Any CPU.Build.0 = Debug|Any CPU
		{186F18A6-63D1-4A50-BF7D-EA68BF7F02F5}.Release|Any CPU.ActiveCfg = Release|Any CPU
		{186F18A6-63D1-4A50-BF7D-EA68BF7F02F5}.Release|Any CPU.Build.0 = Release|Any CPU
		{DB5B3DDB-9B86-421C-941F-E89CC6164871}.Debug|Any CPU.ActiveCfg = Debug|Any CPU
		{DB5B3DDB-9B86-421C-941F-E89CC6164871}.Debug|Any CPU.Build.0 = Debug|Any CPU
		{DB5B3DDB-9B86-421C-941F-E89CC6164871}.Release|Any CPU.ActiveCfg = Release|Any CPU
		{DB5B3DDB-9B86-421C-941F-E89CC6164871}.Release|Any CPU.Build.0 = Release|Any CPU
		{21FDA94D-4494-4EFA-BED3-A9DF618E03F3}.Debug|Any CPU.ActiveCfg = Debug|Any CPU
		{21FDA94D-4494-4EFA-BED3-A9DF618E03F3}.Debug|Any CPU.Build.0 = Debug|Any CPU
		{21FDA94D-4494-4EFA-BED3-A9DF618E03F3}.Release|Any CPU.ActiveCfg = Release|Any CPU
		{21FDA94D-4494-4EFA-BED3-A9DF618E03F3}.Release|Any CPU.Build.0 = Release|Any CPU
	EndGlobalSection
	GlobalSection(NestedProjects) = preSolution
		{55C84977-B04F-4829-8B6D-DF91EA6617FF} = {F80783D7-A672-477D-B0C9-8F1DCDE920CE}
		{3FA42187-C0BD-414A-A57B-5F1C23855D57} = {57FCD7E0-52DE-4F0B-8309-159546383418}
		{6F443B6E-AFFE-435B-B2F4-76596FB70506} = {518ED845-9DDE-49F8-AD2A-2491A84C1964}
		{424AC22A-9F51-4084-80E4-1D0A0A21F030} = {518ED845-9DDE-49F8-AD2A-2491A84C1964}
		{C81A2686-9EEF-4997-AF96-9F543189465E} = {518ED845-9DDE-49F8-AD2A-2491A84C1964}
		{0157DD84-EA1F-4231-82B5-3DCF89198781} = {57FCD7E0-52DE-4F0B-8309-159546383418}
		{3A9F5E06-2A4D-4C17-A2EB-C23A1757FFA2} = {518ED845-9DDE-49F8-AD2A-2491A84C1964}
		{47B87BEF-CD7A-4DE5-B492-543F7F7E547E} = {57FCD7E0-52DE-4F0B-8309-159546383418}
		{E1BD20C2-8C02-4E94-ACE9-94E99D5ACAC7} = {518ED845-9DDE-49F8-AD2A-2491A84C1964}
		{EAB31EB2-F0E7-426F-956A-74069F659F67} = {57FCD7E0-52DE-4F0B-8309-159546383418}
		{3DCC49BD-3E15-4EC5-9B88-923AFB46A6C1} = {518ED845-9DDE-49F8-AD2A-2491A84C1964}
		{D0919689-E820-44C4-9EC9-D2A6CDE38FCD} = {B4643073-623B-48F5-ABB9-19E50D204609}
		{8130F909-0BB5-4A63-9A94-8FECFD4C7448} = {518ED845-9DDE-49F8-AD2A-2491A84C1964}
		{A19F18DE-1212-45F1-81AA-C5FC73A31BA9} = {4B1A4A1B-DB4E-410E-94B2-6A2FE9B196F1}
		{87936AB0-CDF0-4F7F-AED2-F86AC3FB0B4F} = {518ED845-9DDE-49F8-AD2A-2491A84C1964}
		{2D610B62-20FE-4F65-BE20-6C6B03D941BD} = {1D540A23-110D-4E7A-ACD9-B655406D8DD0}
		{94100890-14C4-4E3A-A9E4-079F7FD09F2D} = {518ED845-9DDE-49F8-AD2A-2491A84C1964}
		{186F18A6-63D1-4A50-BF7D-EA68BF7F02F5} = {57FCD7E0-52DE-4F0B-8309-159546383418}
		{DB5B3DDB-9B86-421C-941F-E89CC6164871} = {57FCD7E0-52DE-4F0B-8309-159546383418}
		{21FDA94D-4494-4EFA-BED3-A9DF618E03F3} = {D1F79EAB-C1A5-420C-BF7F-B9CEB34A5E7E}
	EndGlobalSection
EndGlobal
